
Microsoft Visual Studio Solution File, Format Version 12.00
# Visual Studio Version 17
VisualStudioVersion = 17.8.34309.116
MinimumVisualStudioVersion = 10.0.40219.1
Project("{FAE04EC0-301F-11D3-BF4B-00C04F79EFBC}") = "CafeManagement", "CafeManagement\CafeManagement.csproj", "{56B23641-5189-4691-985A-66BF72A8616D}"
EndProject
Global
	GlobalSection(SolutionConfigurationPlatforms) = preSolution
		Debug|Any CPU = Debug|Any CPU
		Release|Any CPU = Release|Any CPU
	EndGlobalSection
	GlobalSection(ProjectConfigurationPlatforms) = postSolution
		{56B23641-5189-4691-985A-66BF72A8616D}.Debug|Any CPU.ActiveCfg = Debug|Any CPU
		{56B23641-5189-4691-985A-66BF72A8616D}.Debug|Any CPU.Build.0 = Debug|Any CPU
		{56B23641-5189-4691-985A-66BF72A8616D}.Release|Any CPU.ActiveCfg = Release|Any CPU
		{56B23641-5189-4691-985A-66BF72A8616D}.Release|Any CPU.Build.0 = Release|Any CPU
	EndGlobalSection
	GlobalSection(SolutionProperties) = preSolution
		HideSolutionNode = FALSE
	EndGlobalSection
	GlobalSection(ExtensibilityGlobals) = postSolution
		SolutionGuid = {4327FA8C-2E51-44C9-9179-090BA65B7E0F}
	EndGlobalSection
EndGlobal
